{
  "version": 4,
  "terraform_version": "1.1.2",
  "serial": 14,
  "lineage": "6b653981-acab-41e2-d547-2ab70073714b",
  "outputs": {},
  "resources": [
    {
      "mode": "managed",
      "type": "azurerm_network_security_group",
      "name": "nsg",
      "provider": "provider[\"registry.terraform.io/hashicorp/azurerm\"]",
      "instances": [
        {
          "schema_version": 0,
          "attributes": {
            "id": "/subscriptions/18821dae-fb44-44a1-805a-e1edd2ef9b06/resourceGroups/lab02-rg/providers/Microsoft.Network/networkSecurityGroups/lab02-nsg1",
            "location": "canadaeast",
            "name": "lab02-nsg1",
            "resource_group_name": "lab02-rg",
            "security_rule": [
              {
                "access": "Allow",
                "description": "",
                "destination_address_prefix": "*",
                "destination_address_prefixes": [],
                "destination_application_security_group_ids": [],
                "destination_port_range": "22",
                "destination_port_ranges": [],
                "direction": "inbound",
                "name": "rule1",
                "priority": 100,
                "protocol": "Tcp",
                "source_address_prefix": "*",
                "source_address_prefixes": [],
                "source_application_security_group_ids": [],
                "source_port_range": "*",
                "source_port_ranges": []
              }
            ],
            "tags": {},
            "timeouts": null
          },
          "sensitive_attributes": [],
          "private": "eyJlMmJmYjczMC1lY2FhLTExZTYtOGY4OC0zNDM2M2JjN2M0YzAiOnsiY3JlYXRlIjoxODAwMDAwMDAwMDAwLCJkZWxldGUiOjE4MDAwMDAwMDAwMDAsInJlYWQiOjMwMDAwMDAwMDAwMCwidXBkYXRlIjoxODAwMDAwMDAwMDAwfX0=",
          "dependencies": [
            "azurerm_resource_group.rg1"
          ]
        }
      ]
    },
    {
      "mode": "managed",
      "type": "azurerm_network_security_group",
      "name": "nsg2",
      "provider": "provider[\"registry.terraform.io/hashicorp/azurerm\"]",
      "instances": [
        {
          "schema_version": 0,
          "attributes": {
            "id": "/subscriptions/18821dae-fb44-44a1-805a-e1edd2ef9b06/resourceGroups/lab02-rg/providers/Microsoft.Network/networkSecurityGroups/lab02-nsg2",
            "location": "canadaeast",
            "name": "lab02-nsg2",
            "resource_group_name": "lab02-rg",
            "security_rule": [
              {
                "access": "Allow",
                "description": "",
                "destination_address_prefix": "*",
                "destination_address_prefixes": [],
                "destination_application_security_group_ids": [],
                "destination_port_range": "3389",
                "destination_port_ranges": [],
                "direction": "inbound",
                "name": "rule1",
                "priority": 100,
                "protocol": "Tcp",
                "source_address_prefix": "*",
                "source_address_prefixes": [],
                "source_application_security_group_ids": [],
                "source_port_range": "*",
                "source_port_ranges": []
              },
              {
                "access": "Allow",
                "description": "",
                "destination_address_prefix": "*",
                "destination_address_prefixes": [],
                "destination_application_security_group_ids": [],
                "destination_port_range": "5985",
                "destination_port_ranges": [],
                "direction": "inbound",
                "name": "rule2",
                "priority": 200,
                "protocol": "Tcp",
                "source_address_prefix": "*",
                "source_address_prefixes": [],
                "source_application_security_group_ids": [],
                "source_port_range": "*",
                "source_port_ranges": []
              }
            ],
            "tags": null,
            "timeouts": null
          },
          "sensitive_attributes": [],
          "private": "eyJlMmJmYjczMC1lY2FhLTExZTYtOGY4OC0zNDM2M2JjN2M0YzAiOnsiY3JlYXRlIjoxODAwMDAwMDAwMDAwLCJkZWxldGUiOjE4MDAwMDAwMDAwMDAsInJlYWQiOjMwMDAwMDAwMDAwMCwidXBkYXRlIjoxODAwMDAwMDAwMDAwfX0=",
          "dependencies": [
            "azurerm_resource_group.rg1"
          ]
        }
      ]
    },
    {
      "mode": "managed",
      "type": "azurerm_resource_group",
      "name": "rg1",
      "provider": "provider[\"registry.terraform.io/hashicorp/azurerm\"]",
      "instances": [
        {
          "schema_version": 0,
          "attributes": {
            "id": "/subscriptions/18821dae-fb44-44a1-805a-e1edd2ef9b06/resourceGroups/lab02-rg",
            "location": "canadaeast",
            "name": "lab02-rg",
            "tags": {},
            "timeouts": null
          },
          "sensitive_attributes": [],
          "private": "eyJlMmJmYjczMC1lY2FhLTExZTYtOGY4OC0zNDM2M2JjN2M0YzAiOnsiY3JlYXRlIjo1NDAwMDAwMDAwMDAwLCJkZWxldGUiOjU0MDAwMDAwMDAwMDAsInJlYWQiOjMwMDAwMDAwMDAwMCwidXBkYXRlIjo1NDAwMDAwMDAwMDAwfX0="
        }
      ]
    },
    {
      "mode": "managed",
      "type": "azurerm_subnet",
      "name": "subnet",
      "provider": "provider[\"registry.terraform.io/hashicorp/azurerm\"]",
      "instances": [
        {
          "schema_version": 0,
          "attributes": {
            "address_prefix": "10.0.1.0/24",
            "address_prefixes": [
              "10.0.1.0/24"
            ],
            "delegation": [],
            "enforce_private_link_endpoint_network_policies": false,
            "enforce_private_link_service_network_policies": false,
            "id": "/subscriptions/18821dae-fb44-44a1-805a-e1edd2ef9b06/resourceGroups/lab02-rg/providers/Microsoft.Network/virtualNetworks/lab02-vnet/subnets/lab02-subnet1",
            "name": "lab02-subnet1",
            "resource_group_name": "lab02-rg",
            "service_endpoint_policy_ids": [],
            "service_endpoints": [],
            "timeouts": null,
            "virtual_network_name": "lab02-vnet"
          },
          "sensitive_attributes": [],
          "private": "eyJlMmJmYjczMC1lY2FhLTExZTYtOGY4OC0zNDM2M2JjN2M0YzAiOnsiY3JlYXRlIjoxODAwMDAwMDAwMDAwLCJkZWxldGUiOjE4MDAwMDAwMDAwMDAsInJlYWQiOjMwMDAwMDAwMDAwMCwidXBkYXRlIjoxODAwMDAwMDAwMDAwfX0=",
          "dependencies": [
            "azurerm_resource_group.rg1",
            "azurerm_virtual_network.vnet"
          ]
        }
      ]
    },
    {
      "mode": "managed",
      "type": "azurerm_subnet",
      "name": "subnet2",
      "provider": "provider[\"registry.terraform.io/hashicorp/azurerm\"]",
      "instances": [
        {
          "schema_version": 0,
          "attributes": {
            "address_prefix": "10.0.2.0/24",
            "address_prefixes": [
              "10.0.2.0/24"
            ],
            "delegation": [],
            "enforce_private_link_endpoint_network_policies": false,
            "enforce_private_link_service_network_policies": false,
            "id": "/subscriptions/18821dae-fb44-44a1-805a-e1edd2ef9b06/resourceGroups/lab02-rg/providers/Microsoft.Network/virtualNetworks/lab02-vnet/subnets/lab02-subnet2",
            "name": "lab02-subnet2",
            "resource_group_name": "lab02-rg",
            "service_endpoint_policy_ids": [],
            "service_endpoints": [],
            "timeouts": null,
            "virtual_network_name": "lab02-vnet"
          },
          "sensitive_attributes": [],
          "private": "eyJlMmJmYjczMC1lY2FhLTExZTYtOGY4OC0zNDM2M2JjN2M0YzAiOnsiY3JlYXRlIjoxODAwMDAwMDAwMDAwLCJkZWxldGUiOjE4MDAwMDAwMDAwMDAsInJlYWQiOjMwMDAwMDAwMDAwMCwidXBkYXRlIjoxODAwMDAwMDAwMDAwfX0=",
          "dependencies": [
            "azurerm_resource_group.rg1",
            "azurerm_virtual_network.vnet"
          ]
        }
      ]
    },
    {
      "mode": "managed",
      "type": "azurerm_subnet_network_security_group_association",
      "name": "subnet_association",
      "provider": "provider[\"registry.terraform.io/hashicorp/azurerm\"]",
      "instances": [
        {
          "schema_version": 0,
          "attributes": {
            "id": "/subscriptions/18821dae-fb44-44a1-805a-e1edd2ef9b06/resourceGroups/lab02-rg/providers/Microsoft.Network/virtualNetworks/lab02-vnet/subnets/lab02-subnet1",
            "network_security_group_id": "/subscriptions/18821dae-fb44-44a1-805a-e1edd2ef9b06/resourceGroups/lab02-rg/providers/Microsoft.Network/networkSecurityGroups/lab02-nsg1",
            "subnet_id": "/subscriptions/18821dae-fb44-44a1-805a-e1edd2ef9b06/resourceGroups/lab02-rg/providers/Microsoft.Network/virtualNetworks/lab02-vnet/subnets/lab02-subnet1",
            "timeouts": null
          },
          "sensitive_attributes": [],
          "private": "eyJlMmJmYjczMC1lY2FhLTExZTYtOGY4OC0zNDM2M2JjN2M0YzAiOnsiY3JlYXRlIjoxODAwMDAwMDAwMDAwLCJkZWxldGUiOjE4MDAwMDAwMDAwMDAsInJlYWQiOjMwMDAwMDAwMDAwMCwidXBkYXRlIjoxODAwMDAwMDAwMDAwfX0=",
          "dependencies": [
            "azurerm_network_security_group.nsg",
            "azurerm_resource_group.rg1",
            "azurerm_subnet.subnet",
            "azurerm_virtual_network.vnet"
          ]
        }
      ]
    },
    {
      "mode": "managed",
      "type": "azurerm_subnet_network_security_group_association",
      "name": "subnet_association2",
      "provider": "provider[\"registry.terraform.io/hashicorp/azurerm\"]",
      "instances": [
        {
          "schema_version": 0,
          "attributes": {
            "id": "/subscriptions/18821dae-fb44-44a1-805a-e1edd2ef9b06/resourceGroups/lab02-rg/providers/Microsoft.Network/virtualNetworks/lab02-vnet/subnets/lab02-subnet2",
            "network_security_group_id": "/subscriptions/18821dae-fb44-44a1-805a-e1edd2ef9b06/resourceGroups/lab02-rg/providers/Microsoft.Network/networkSecurityGroups/lab02-nsg2",
            "subnet_id": "/subscriptions/18821dae-fb44-44a1-805a-e1edd2ef9b06/resourceGroups/lab02-rg/providers/Microsoft.Network/virtualNetworks/lab02-vnet/subnets/lab02-subnet2",
            "timeouts": null
          },
          "sensitive_attributes": [],
          "private": "eyJlMmJmYjczMC1lY2FhLTExZTYtOGY4OC0zNDM2M2JjN2M0YzAiOnsiY3JlYXRlIjoxODAwMDAwMDAwMDAwLCJkZWxldGUiOjE4MDAwMDAwMDAwMDAsInJlYWQiOjMwMDAwMDAwMDAwMCwidXBkYXRlIjoxODAwMDAwMDAwMDAwfX0=",
          "dependencies": [
            "azurerm_network_security_group.nsg2",
            "azurerm_resource_group.rg1",
            "azurerm_subnet.subnet2"
          ]
        }
      ]
    },
    {
      "mode": "managed",
      "type": "azurerm_virtual_network",
      "name": "vnet",
      "provider": "provider[\"registry.terraform.io/hashicorp/azurerm\"]",
      "instances": [
        {
          "schema_version": 0,
          "attributes": {
            "address_space": [
              "10.0.0.0/16"
            ],
            "bgp_community": "",
            "ddos_protection_plan": [],
            "dns_servers": [],
            "flow_timeout_in_minutes": 0,
            "guid": "6d7cadd9-0b27-40ab-b114-db428e24a82e",
            "id": "/subscriptions/18821dae-fb44-44a1-805a-e1edd2ef9b06/resourceGroups/lab02-rg/providers/Microsoft.Network/virtualNetworks/lab02-vnet",
            "location": "canadaeast",
            "name": "lab02-vnet",
            "resource_group_name": "lab02-rg",
            "subnet": [
              {
                "address_prefix": "10.0.1.0/24",
                "id": "/subscriptions/18821dae-fb44-44a1-805a-e1edd2ef9b06/resourceGroups/lab02-rg/providers/Microsoft.Network/virtualNetworks/lab02-vnet/subnets/lab02-subnet1",
                "name": "lab02-subnet1",
                "security_group": "/subscriptions/18821dae-fb44-44a1-805a-e1edd2ef9b06/resourceGroups/lab02-rg/providers/Microsoft.Network/networkSecurityGroups/lab02-nsg1"
              },
              {
                "address_prefix": "10.0.2.0/24",
                "id": "/subscriptions/18821dae-fb44-44a1-805a-e1edd2ef9b06/resourceGroups/lab02-rg/providers/Microsoft.Network/virtualNetworks/lab02-vnet/subnets/lab02-subnet2",
                "name": "lab02-subnet2",
                "security_group": ""
              }
            ],
            "tags": {},
            "timeouts": null,
            "vm_protection_enabled": false
          },
          "sensitive_attributes": [],
          "private": "eyJlMmJmYjczMC1lY2FhLTExZTYtOGY4OC0zNDM2M2JjN2M0YzAiOnsiY3JlYXRlIjoxODAwMDAwMDAwMDAwLCJkZWxldGUiOjE4MDAwMDAwMDAwMDAsInJlYWQiOjMwMDAwMDAwMDAwMCwidXBkYXRlIjoxODAwMDAwMDAwMDAwfX0=",
          "dependencies": [
            "azurerm_resource_group.rg1"
          ]
        }
      ]
    }
  ]
}
